
Microsoft Visual Studio Solution File, Format Version 12.00
Project("{FAE04EC0-301F-11D3-BF4B-00C04F79EFBC}") = "Locan.Core", "src\Locan.Core\Locan.Core.csproj", "{37154A24-181C-4A36-A877-F70374BC9477}"
EndProject
Project("{FAE04EC0-301F-11D3-BF4B-00C04F79EFBC}") = "Locan", "src\Locan\Locan.csproj", "{A611C462-4186-4CF9-B431-3720AC470BF9}"
EndProject
Project("{FAE04EC0-301F-11D3-BF4B-00C04F79EFBC}") = "Locan.Tests", "src\Locan.Tests\Locan.Tests.csproj", "{96FCC25D-1581-4579-8A15-F06C9D1864A5}"
EndProject
Project("{FAE04EC0-301F-11D3-BF4B-00C04F79EFBC}") = "Locan.Hosting", "src\Locan.Hosting\Locan.Hosting.csproj", "{1A3E049A-993F-4CFD-9F8C-F84B0AA4F353}"
EndProject
Project("{FAE04EC0-301F-11D3-BF4B-00C04F79EFBC}") = "Locan.AspNetCore", "src\Locan.AspNetCore\Locan.AspNetCore.csproj", "{76BFC14A-B7AC-4F70-8C71-C57918357ED7}"
EndProject
Project("{2150E333-8FDC-42A3-9474-1A3956D46DE8}") = "Locan.Roslyn", "Locan.Roslyn", "{E1683B0B-0E80-4B17-8B17-F3FD1E9FF000}"
EndProject
Project("{2150E333-8FDC-42A3-9474-1A3956D46DE8}") = "Generator", "Generator", "{782241E7-2DD6-4F31-BD51-393D95B5F59C}"
EndProject
Project("{FAE04EC0-301F-11D3-BF4B-00C04F79EFBC}") = "Locan.Generator", "src\Locan.Roslyn\Generator\Locan.Generator\Locan.Generator\Locan.Generator.csproj", "{0EC3F905-1319-40FD-81E9-F18EDC00C4D7}"
EndProject
Project("{FAE04EC0-301F-11D3-BF4B-00C04F79EFBC}") = "Locan.Generator.Sample", "src\Locan.Roslyn\Generator\Locan.Generator\Locan.Generator.Sample\Locan.Generator.Sample.csproj", "{6ACD688D-FF19-4CD8-B0D1-3E90E6D61637}"
EndProject
Project("{FAE04EC0-301F-11D3-BF4B-00C04F79EFBC}") = "Locan.Generator.Tests", "src\Locan.Roslyn\Generator\Locan.Generator\Locan.Generator.Tests\Locan.Generator.Tests.csproj", "{457E68E3-665B-4DF5-B81E-B138FF7B23BB}"
EndProject
Project("{FAE04EC0-301F-11D3-BF4B-00C04F79EFBC}") = "Locan.Build", "src\Locan.Roslyn\Locan.Build\Locan.Build.csproj", "{7B4A1932-91AF-4622-A569-8350AF671F3D}"
EndProject
Project("{FAE04EC0-301F-11D3-BF4B-00C04F79EFBC}") = "Locan.Compiler", "src\Locan.Roslyn\Locan.Compiler\Locan.Compiler.csproj", "{8CB04EA5-7397-4187-AC0B-9C9F5E60349A}"
EndProject
Project("{FAE04EC0-301F-11D3-BF4B-00C04F79EFBC}") = "Locan.Build.Tests", "src\Locan.Roslyn\Locan.Build.Tests\Locan.Build.Tests.csproj", "{D70B65A1-0A0C-4E6F-BBC2-0EA379102C67}"
EndProject
Project("{FAE04EC0-301F-11D3-BF4B-00C04F79EFBC}") = "Locan.Benchmark", "src\Locan.Benchmark\Locan.Benchmark.csproj", "{B4287EB1-5165-4241-AB6A-D8DB721B5375}"
EndProject
Global
	GlobalSection(SolutionConfigurationPlatforms) = preSolution
		Debug|Any CPU = Debug|Any CPU
		Release|Any CPU = Release|Any CPU
	EndGlobalSection
	GlobalSection(ProjectConfigurationPlatforms) = postSolution
		{37154A24-181C-4A36-A877-F70374BC9477}.Debug|Any CPU.ActiveCfg = Debug|Any CPU
		{37154A24-181C-4A36-A877-F70374BC9477}.Debug|Any CPU.Build.0 = Debug|Any CPU
		{37154A24-181C-4A36-A877-F70374BC9477}.Release|Any CPU.ActiveCfg = Release|Any CPU
		{37154A24-181C-4A36-A877-F70374BC9477}.Release|Any CPU.Build.0 = Release|Any CPU
		{A611C462-4186-4CF9-B431-3720AC470BF9}.Debug|Any CPU.ActiveCfg = Debug|Any CPU
		{A611C462-4186-4CF9-B431-3720AC470BF9}.Debug|Any CPU.Build.0 = Debug|Any CPU
		{A611C462-4186-4CF9-B431-3720AC470BF9}.Release|Any CPU.ActiveCfg = Release|Any CPU
		{A611C462-4186-4CF9-B431-3720AC470BF9}.Release|Any CPU.Build.0 = Release|Any CPU
		{96FCC25D-1581-4579-8A15-F06C9D1864A5}.Debug|Any CPU.ActiveCfg = Debug|Any CPU
		{96FCC25D-1581-4579-8A15-F06C9D1864A5}.Debug|Any CPU.Build.0 = Debug|Any CPU
		{96FCC25D-1581-4579-8A15-F06C9D1864A5}.Release|Any CPU.ActiveCfg = Release|Any CPU
		{96FCC25D-1581-4579-8A15-F06C9D1864A5}.Release|Any CPU.Build.0 = Release|Any CPU
		{1A3E049A-993F-4CFD-9F8C-F84B0AA4F353}.Debug|Any CPU.ActiveCfg = Debug|Any CPU
		{1A3E049A-993F-4CFD-9F8C-F84B0AA4F353}.Debug|Any CPU.Build.0 = Debug|Any CPU
		{1A3E049A-993F-4CFD-9F8C-F84B0AA4F353}.Release|Any CPU.ActiveCfg = Release|Any CPU
		{1A3E049A-993F-4CFD-9F8C-F84B0AA4F353}.Release|Any CPU.Build.0 = Release|Any CPU
		{76BFC14A-B7AC-4F70-8C71-C57918357ED7}.Debug|Any CPU.ActiveCfg = Debug|Any CPU
		{76BFC14A-B7AC-4F70-8C71-C57918357ED7}.Debug|Any CPU.Build.0 = Debug|Any CPU
		{76BFC14A-B7AC-4F70-8C71-C57918357ED7}.Release|Any CPU.ActiveCfg = Release|Any CPU
		{76BFC14A-B7AC-4F70-8C71-C57918357ED7}.Release|Any CPU.Build.0 = Release|Any CPU
		{0EC3F905-1319-40FD-81E9-F18EDC00C4D7}.Debug|Any CPU.ActiveCfg = Debug|Any CPU
		{0EC3F905-1319-40FD-81E9-F18EDC00C4D7}.Debug|Any CPU.Build.0 = Debug|Any CPU
		{0EC3F905-1319-40FD-81E9-F18EDC00C4D7}.Release|Any CPU.ActiveCfg = Release|Any CPU
		{0EC3F905-1319-40FD-81E9-F18EDC00C4D7}.Release|Any CPU.Build.0 = Release|Any CPU
		{6ACD688D-FF19-4CD8-B0D1-3E90E6D61637}.Debug|Any CPU.ActiveCfg = Debug|Any CPU
		{6ACD688D-FF19-4CD8-B0D1-3E90E6D61637}.Debug|Any CPU.Build.0 = Debug|Any CPU
		{6ACD688D-FF19-4CD8-B0D1-3E90E6D61637}.Release|Any CPU.ActiveCfg = Release|Any CPU
		{6ACD688D-FF19-4CD8-B0D1-3E90E6D61637}.Release|Any CPU.Build.0 = Release|Any CPU
		{457E68E3-665B-4DF5-B81E-B138FF7B23BB}.Debug|Any CPU.ActiveCfg = Debug|Any CPU
		{457E68E3-665B-4DF5-B81E-B138FF7B23BB}.Debug|Any CPU.Build.0 = Debug|Any CPU
		{457E68E3-665B-4DF5-B81E-B138FF7B23BB}.Release|Any CPU.ActiveCfg = Release|Any CPU
		{457E68E3-665B-4DF5-B81E-B138FF7B23BB}.Release|Any CPU.Build.0 = Release|Any CPU
		{7B4A1932-91AF-4622-A569-8350AF671F3D}.Debug|Any CPU.ActiveCfg = Debug|Any CPU
		{7B4A1932-91AF-4622-A569-8350AF671F3D}.Debug|Any CPU.Build.0 = Debug|Any CPU
		{7B4A1932-91AF-4622-A569-8350AF671F3D}.Release|Any CPU.ActiveCfg = Release|Any CPU
		{7B4A1932-91AF-4622-A569-8350AF671F3D}.Release|Any CPU.Build.0 = Release|Any CPU
		{8CB04EA5-7397-4187-AC0B-9C9F5E60349A}.Debug|Any CPU.ActiveCfg = Debug|Any CPU
		{8CB04EA5-7397-4187-AC0B-9C9F5E60349A}.Debug|Any CPU.Build.0 = Debug|Any CPU
		{8CB04EA5-7397-4187-AC0B-9C9F5E60349A}.Release|Any CPU.ActiveCfg = Release|Any CPU
		{8CB04EA5-7397-4187-AC0B-9C9F5E60349A}.Release|Any CPU.Build.0 = Release|Any CPU
		{D70B65A1-0A0C-4E6F-BBC2-0EA379102C67}.Debug|Any CPU.ActiveCfg = Debug|Any CPU
		{D70B65A1-0A0C-4E6F-BBC2-0EA379102C67}.Debug|Any CPU.Build.0 = Debug|Any CPU
		{D70B65A1-0A0C-4E6F-BBC2-0EA379102C67}.Release|Any CPU.ActiveCfg = Release|Any CPU
		{D70B65A1-0A0C-4E6F-BBC2-0EA379102C67}.Release|Any CPU.Build.0 = Release|Any CPU
		{B4287EB1-5165-4241-AB6A-D8DB721B5375}.Debug|Any CPU.ActiveCfg = Debug|Any CPU
		{B4287EB1-5165-4241-AB6A-D8DB721B5375}.Debug|Any CPU.Build.0 = Debug|Any CPU
		{B4287EB1-5165-4241-AB6A-D8DB721B5375}.Release|Any CPU.ActiveCfg = Release|Any CPU
		{B4287EB1-5165-4241-AB6A-D8DB721B5375}.Release|Any CPU.Build.0 = Release|Any CPU
	EndGlobalSection
	GlobalSection(NestedProjects) = preSolution
		{782241E7-2DD6-4F31-BD51-393D95B5F59C} = {E1683B0B-0E80-4B17-8B17-F3FD1E9FF000}
		{0EC3F905-1319-40FD-81E9-F18EDC00C4D7} = {782241E7-2DD6-4F31-BD51-393D95B5F59C}
		{6ACD688D-FF19-4CD8-B0D1-3E90E6D61637} = {782241E7-2DD6-4F31-BD51-393D95B5F59C}
		{457E68E3-665B-4DF5-B81E-B138FF7B23BB} = {782241E7-2DD6-4F31-BD51-393D95B5F59C}
		{7B4A1932-91AF-4622-A569-8350AF671F3D} = {E1683B0B-0E80-4B17-8B17-F3FD1E9FF000}
		{8CB04EA5-7397-4187-AC0B-9C9F5E60349A} = {E1683B0B-0E80-4B17-8B17-F3FD1E9FF000}
		{D70B65A1-0A0C-4E6F-BBC2-0EA379102C67} = {E1683B0B-0E80-4B17-8B17-F3FD1E9FF000}
	EndGlobalSection
EndGlobal
