
Microsoft Visual Studio Solution File, Format Version 12.00
Project("{FAE04EC0-301F-11D3-BF4B-00C04F79EFBC}") = "Locan.Core", "src\Locan.Core\Locan.Core.csproj", "{37154A24-181C-4A36-A877-F70374BC9477}"
EndProject
Project("{FAE04EC0-301F-11D3-BF4B-00C04F79EFBC}") = "Locan", "src\Locan\Locan.csproj", "{A611C462-4186-4CF9-B431-3720AC470BF9}"
EndProject
Project("{FAE04EC0-301F-11D3-BF4B-00C04F79EFBC}") = "Locan.Tests", "src\Locan.Tests\Locan.Tests.csproj", "{96FCC25D-1581-4579-8A15-F06C9D1864A5}"
EndProject
Project("{FAE04EC0-301F-11D3-BF4B-00C04F79EFBC}") = "Locan.Hosting", "src\Locan.Hosting\Locan.Hosting.csproj", "{1A3E049A-993F-4CFD-9F8C-F84B0AA4F353}"
EndProject
Project("{FAE04EC0-301F-11D3-BF4B-00C04F79EFBC}") = "Locan.AspNetCore", "src\Locan.AspNetCore\Locan.AspNetCore.csproj", "{76BFC14A-B7AC-4F70-8C71-C57918357ED7}"
EndProject
Global
	GlobalSection(SolutionConfigurationPlatforms) = preSolution
		Debug|Any CPU = Debug|Any CPU
		Release|Any CPU = Release|Any CPU
	EndGlobalSection
	GlobalSection(ProjectConfigurationPlatforms) = postSolution
		{37154A24-181C-4A36-A877-F70374BC9477}.Debug|Any CPU.ActiveCfg = Debug|Any CPU
		{37154A24-181C-4A36-A877-F70374BC9477}.Debug|Any CPU.Build.0 = Debug|Any CPU
		{37154A24-181C-4A36-A877-F70374BC9477}.Release|Any CPU.ActiveCfg = Release|Any CPU
		{37154A24-181C-4A36-A877-F70374BC9477}.Release|Any CPU.Build.0 = Release|Any CPU
		{A611C462-4186-4CF9-B431-3720AC470BF9}.Debug|Any CPU.ActiveCfg = Debug|Any CPU
		{A611C462-4186-4CF9-B431-3720AC470BF9}.Debug|Any CPU.Build.0 = Debug|Any CPU
		{A611C462-4186-4CF9-B431-3720AC470BF9}.Release|Any CPU.ActiveCfg = Release|Any CPU
		{A611C462-4186-4CF9-B431-3720AC470BF9}.Release|Any CPU.Build.0 = Release|Any CPU
		{96FCC25D-1581-4579-8A15-F06C9D1864A5}.Debug|Any CPU.ActiveCfg = Debug|Any CPU
		{96FCC25D-1581-4579-8A15-F06C9D1864A5}.Debug|Any CPU.Build.0 = Debug|Any CPU
		{96FCC25D-1581-4579-8A15-F06C9D1864A5}.Release|Any CPU.ActiveCfg = Release|Any CPU
		{96FCC25D-1581-4579-8A15-F06C9D1864A5}.Release|Any CPU.Build.0 = Release|Any CPU
		{1A3E049A-993F-4CFD-9F8C-F84B0AA4F353}.Debug|Any CPU.ActiveCfg = Debug|Any CPU
		{1A3E049A-993F-4CFD-9F8C-F84B0AA4F353}.Debug|Any CPU.Build.0 = Debug|Any CPU
		{1A3E049A-993F-4CFD-9F8C-F84B0AA4F353}.Release|Any CPU.ActiveCfg = Release|Any CPU
		{1A3E049A-993F-4CFD-9F8C-F84B0AA4F353}.Release|Any CPU.Build.0 = Release|Any CPU
		{76BFC14A-B7AC-4F70-8C71-C57918357ED7}.Debug|Any CPU.ActiveCfg = Debug|Any CPU
		{76BFC14A-B7AC-4F70-8C71-C57918357ED7}.Debug|Any CPU.Build.0 = Debug|Any CPU
		{76BFC14A-B7AC-4F70-8C71-C57918357ED7}.Release|Any CPU.ActiveCfg = Release|Any CPU
		{76BFC14A-B7AC-4F70-8C71-C57918357ED7}.Release|Any CPU.Build.0 = Release|Any CPU
	EndGlobalSection
EndGlobal
